
Microsoft Visual Studio Solution File, Format Version 12.00
# Visual Studio Version 17
VisualStudioVersion = 17.12.35527.113
MinimumVisualStudioVersion = 10.0.40219.1
Project("{2150E333-8FDC-42A3-9474-1A3956D46DE8}") = "Core", "Core", "{1FF707B3-12EF-4303-B466-9422BD5C1285}"
EndProject
Project("{2150E333-8FDC-42A3-9474-1A3956D46DE8}") = "Presentation", "Presentation", "{5DDB5C39-1A02-4270-AFF0-E25228EF73BF}"
EndProject
Project("{2150E333-8FDC-42A3-9474-1A3956D46DE8}") = "Infrastructure", "Infrastructure", "{1F33496D-1951-475D-91E2-12254A1217C9}"
EndProject
Project("{2150E333-8FDC-42A3-9474-1A3956D46DE8}") = "Frontends", "Frontends", "{3DBB96D4-3916-4FE4-B272-2FED62E6E569}"
EndProject
Project("{FAE04EC0-301F-11D3-BF4B-00C04F79EFBC}") = "SecondTask.Application", "Core\SecondTask.Application\SecondTask.Application.csproj", "{7129FEE9-B3F1-4491-9F10-D7EBA7F0AAAB}"
EndProject
Project("{FAE04EC0-301F-11D3-BF4B-00C04F79EFBC}") = "SecondTask.Domain", "Core\SecondTask.Domain\SecondTask.Domain.csproj", "{5D092F68-61F8-4D32-97E4-5ACB8D089D3B}"
EndProject
Project("{FAE04EC0-301F-11D3-BF4B-00C04F79EFBC}") = "SecondTask.Dto", "Frontends\SecondTask.Dto\SecondTask.Dto.csproj", "{F2E0162D-0EBB-41B6-9321-899CAEC509FA}"
EndProject
Project("{FAE04EC0-301F-11D3-BF4B-00C04F79EFBC}") = "SecondTask.WebUI", "Frontends\SecondTask.WebUI\SecondTask.WebUI.csproj", "{C405BBC5-A5EE-4325-8544-1C5B116B82AF}"
EndProject
Project("{FAE04EC0-301F-11D3-BF4B-00C04F79EFBC}") = "SecondTask.Persistence", "Infrastructure\SecondTask.Persistence\SecondTask.Persistence.csproj", "{3F51F23C-A963-4C91-B0F7-311CBA9147A4}"
EndProject
Project("{FAE04EC0-301F-11D3-BF4B-00C04F79EFBC}") = "SecondTask.WebApi", "Presentation\SecondTask.WebApi\SecondTask.WebApi.csproj", "{760358EA-E1DD-4DB6-8FA2-E98CD4D6F970}"
EndProject
Global
	GlobalSection(SolutionConfigurationPlatforms) = preSolution
		Debug|Any CPU = Debug|Any CPU
		Release|Any CPU = Release|Any CPU
	EndGlobalSection
	GlobalSection(ProjectConfigurationPlatforms) = postSolution
		{7129FEE9-B3F1-4491-9F10-D7EBA7F0AAAB}.Debug|Any CPU.ActiveCfg = Debug|Any CPU
		{7129FEE9-B3F1-4491-9F10-D7EBA7F0AAAB}.Debug|Any CPU.Build.0 = Debug|Any CPU
		{7129FEE9-B3F1-4491-9F10-D7EBA7F0AAAB}.Release|Any CPU.ActiveCfg = Release|Any CPU
		{7129FEE9-B3F1-4491-9F10-D7EBA7F0AAAB}.Release|Any CPU.Build.0 = Release|Any CPU
		{5D092F68-61F8-4D32-97E4-5ACB8D089D3B}.Debug|Any CPU.ActiveCfg = Debug|Any CPU
		{5D092F68-61F8-4D32-97E4-5ACB8D089D3B}.Debug|Any CPU.Build.0 = Debug|Any CPU
		{5D092F68-61F8-4D32-97E4-5ACB8D089D3B}.Release|Any CPU.ActiveCfg = Release|Any CPU
		{5D092F68-61F8-4D32-97E4-5ACB8D089D3B}.Release|Any CPU.Build.0 = Release|Any CPU
		{F2E0162D-0EBB-41B6-9321-899CAEC509FA}.Debug|Any CPU.ActiveCfg = Debug|Any CPU
		{F2E0162D-0EBB-41B6-9321-899CAEC509FA}.Debug|Any CPU.Build.0 = Debug|Any CPU
		{F2E0162D-0EBB-41B6-9321-899CAEC509FA}.Release|Any CPU.ActiveCfg = Release|Any CPU
		{F2E0162D-0EBB-41B6-9321-899CAEC509FA}.Release|Any CPU.Build.0 = Release|Any CPU
		{C405BBC5-A5EE-4325-8544-1C5B116B82AF}.Debug|Any CPU.ActiveCfg = Debug|Any CPU
		{C405BBC5-A5EE-4325-8544-1C5B116B82AF}.Debug|Any CPU.Build.0 = Debug|Any CPU
		{C405BBC5-A5EE-4325-8544-1C5B116B82AF}.Release|Any CPU.ActiveCfg = Release|Any CPU
		{C405BBC5-A5EE-4325-8544-1C5B116B82AF}.Release|Any CPU.Build.0 = Release|Any CPU
		{3F51F23C-A963-4C91-B0F7-311CBA9147A4}.Debug|Any CPU.ActiveCfg = Debug|Any CPU
		{3F51F23C-A963-4C91-B0F7-311CBA9147A4}.Debug|Any CPU.Build.0 = Debug|Any CPU
		{3F51F23C-A963-4C91-B0F7-311CBA9147A4}.Release|Any CPU.ActiveCfg = Release|Any CPU
		{3F51F23C-A963-4C91-B0F7-311CBA9147A4}.Release|Any CPU.Build.0 = Release|Any CPU
		{760358EA-E1DD-4DB6-8FA2-E98CD4D6F970}.Debug|Any CPU.ActiveCfg = Debug|Any CPU
		{760358EA-E1DD-4DB6-8FA2-E98CD4D6F970}.Debug|Any CPU.Build.0 = Debug|Any CPU
		{760358EA-E1DD-4DB6-8FA2-E98CD4D6F970}.Release|Any CPU.ActiveCfg = Release|Any CPU
		{760358EA-E1DD-4DB6-8FA2-E98CD4D6F970}.Release|Any CPU.Build.0 = Release|Any CPU
	EndGlobalSection
	GlobalSection(SolutionProperties) = preSolution
		HideSolutionNode = FALSE
	EndGlobalSection
	GlobalSection(NestedProjects) = preSolution
		{7129FEE9-B3F1-4491-9F10-D7EBA7F0AAAB} = {1FF707B3-12EF-4303-B466-9422BD5C1285}
		{5D092F68-61F8-4D32-97E4-5ACB8D089D3B} = {1FF707B3-12EF-4303-B466-9422BD5C1285}
		{F2E0162D-0EBB-41B6-9321-899CAEC509FA} = {3DBB96D4-3916-4FE4-B272-2FED62E6E569}
		{C405BBC5-A5EE-4325-8544-1C5B116B82AF} = {3DBB96D4-3916-4FE4-B272-2FED62E6E569}
		{3F51F23C-A963-4C91-B0F7-311CBA9147A4} = {1F33496D-1951-475D-91E2-12254A1217C9}
		{760358EA-E1DD-4DB6-8FA2-E98CD4D6F970} = {5DDB5C39-1A02-4270-AFF0-E25228EF73BF}
	EndGlobalSection
EndGlobal
