
Microsoft Visual Studio Solution File, Format Version 12.00
# Visual Studio Version 17
VisualStudioVersion = 17.12.35527.113 d17.12
MinimumVisualStudioVersion = 10.0.40219.1
Project("{2150E333-8FDC-42A3-9474-1A3956D46DE8}") = "Core", "Core", "{1FF707B3-12EF-4303-B466-9422BD5C1285}"
EndProject
Project("{2150E333-8FDC-42A3-9474-1A3956D46DE8}") = "Presentation", "Presentation", "{5DDB5C39-1A02-4270-AFF0-E25228EF73BF}"
EndProject
Project("{2150E333-8FDC-42A3-9474-1A3956D46DE8}") = "Infrastructure", "Infrastructure", "{1F33496D-1951-475D-91E2-12254A1217C9}"
EndProject
Project("{2150E333-8FDC-42A3-9474-1A3956D46DE8}") = "Frontends", "Frontends", "{3DBB96D4-3916-4FE4-B272-2FED62E6E569}"
EndProject
Project("{FAE04EC0-301F-11D3-BF4B-00C04F79EFBC}") = "SecondTask.Application", "SecondTask.Application\SecondTask.Application.csproj", "{D957A8E6-124A-4242-B20D-63CA1F96B458}"
EndProject
Project("{FAE04EC0-301F-11D3-BF4B-00C04F79EFBC}") = "SecondTask.Domain", "SecondTask.Domain\SecondTask.Domain.csproj", "{7CFF71E4-BF93-4748-8208-193EE712CD33}"
EndProject
Project("{FAE04EC0-301F-11D3-BF4B-00C04F79EFBC}") = "SecondTask.Dto", "SecondTask.Dto\SecondTask.Dto.csproj", "{5EDA8C5D-02E1-4820-A9E1-CD83005E5441}"
EndProject
Project("{FAE04EC0-301F-11D3-BF4B-00C04F79EFBC}") = "SecondTask.WebUI", "SecondTask.WebUI\SecondTask.WebUI.csproj", "{D5F61307-AB34-4A36-BB49-A9E47E5E5AB5}"
EndProject
Project("{FAE04EC0-301F-11D3-BF4B-00C04F79EFBC}") = "SecondTask.Persistence", "SecondTask.Persistence\SecondTask.Persistence.csproj", "{DD8BF54E-B050-4745-86A0-A87C0F90290B}"
EndProject
Project("{FAE04EC0-301F-11D3-BF4B-00C04F79EFBC}") = "SecondTask.WebApi", "SecondTask.WebApi\SecondTask.WebApi.csproj", "{EA562A66-DAA9-4E1A-B756-55AD8841CBD9}"
EndProject
Global
	GlobalSection(SolutionConfigurationPlatforms) = preSolution
		Debug|Any CPU = Debug|Any CPU
		Release|Any CPU = Release|Any CPU
	EndGlobalSection
	GlobalSection(ProjectConfigurationPlatforms) = postSolution
		{D957A8E6-124A-4242-B20D-63CA1F96B458}.Debug|Any CPU.ActiveCfg = Debug|Any CPU
		{D957A8E6-124A-4242-B20D-63CA1F96B458}.Debug|Any CPU.Build.0 = Debug|Any CPU
		{D957A8E6-124A-4242-B20D-63CA1F96B458}.Release|Any CPU.ActiveCfg = Release|Any CPU
		{D957A8E6-124A-4242-B20D-63CA1F96B458}.Release|Any CPU.Build.0 = Release|Any CPU
		{7CFF71E4-BF93-4748-8208-193EE712CD33}.Debug|Any CPU.ActiveCfg = Debug|Any CPU
		{7CFF71E4-BF93-4748-8208-193EE712CD33}.Debug|Any CPU.Build.0 = Debug|Any CPU
		{7CFF71E4-BF93-4748-8208-193EE712CD33}.Release|Any CPU.ActiveCfg = Release|Any CPU
		{7CFF71E4-BF93-4748-8208-193EE712CD33}.Release|Any CPU.Build.0 = Release|Any CPU
		{5EDA8C5D-02E1-4820-A9E1-CD83005E5441}.Debug|Any CPU.ActiveCfg = Debug|Any CPU
		{5EDA8C5D-02E1-4820-A9E1-CD83005E5441}.Debug|Any CPU.Build.0 = Debug|Any CPU
		{5EDA8C5D-02E1-4820-A9E1-CD83005E5441}.Release|Any CPU.ActiveCfg = Release|Any CPU
		{5EDA8C5D-02E1-4820-A9E1-CD83005E5441}.Release|Any CPU.Build.0 = Release|Any CPU
		{D5F61307-AB34-4A36-BB49-A9E47E5E5AB5}.Debug|Any CPU.ActiveCfg = Debug|Any CPU
		{D5F61307-AB34-4A36-BB49-A9E47E5E5AB5}.Debug|Any CPU.Build.0 = Debug|Any CPU
		{D5F61307-AB34-4A36-BB49-A9E47E5E5AB5}.Release|Any CPU.ActiveCfg = Release|Any CPU
		{D5F61307-AB34-4A36-BB49-A9E47E5E5AB5}.Release|Any CPU.Build.0 = Release|Any CPU
		{DD8BF54E-B050-4745-86A0-A87C0F90290B}.Debug|Any CPU.ActiveCfg = Debug|Any CPU
		{DD8BF54E-B050-4745-86A0-A87C0F90290B}.Debug|Any CPU.Build.0 = Debug|Any CPU
		{DD8BF54E-B050-4745-86A0-A87C0F90290B}.Release|Any CPU.ActiveCfg = Release|Any CPU
		{DD8BF54E-B050-4745-86A0-A87C0F90290B}.Release|Any CPU.Build.0 = Release|Any CPU
		{EA562A66-DAA9-4E1A-B756-55AD8841CBD9}.Debug|Any CPU.ActiveCfg = Debug|Any CPU
		{EA562A66-DAA9-4E1A-B756-55AD8841CBD9}.Debug|Any CPU.Build.0 = Debug|Any CPU
		{EA562A66-DAA9-4E1A-B756-55AD8841CBD9}.Release|Any CPU.ActiveCfg = Release|Any CPU
		{EA562A66-DAA9-4E1A-B756-55AD8841CBD9}.Release|Any CPU.Build.0 = Release|Any CPU
	EndGlobalSection
	GlobalSection(SolutionProperties) = preSolution
		HideSolutionNode = FALSE
	EndGlobalSection
	GlobalSection(NestedProjects) = preSolution
		{D957A8E6-124A-4242-B20D-63CA1F96B458} = {1FF707B3-12EF-4303-B466-9422BD5C1285}
		{7CFF71E4-BF93-4748-8208-193EE712CD33} = {1FF707B3-12EF-4303-B466-9422BD5C1285}
		{5EDA8C5D-02E1-4820-A9E1-CD83005E5441} = {3DBB96D4-3916-4FE4-B272-2FED62E6E569}
		{D5F61307-AB34-4A36-BB49-A9E47E5E5AB5} = {3DBB96D4-3916-4FE4-B272-2FED62E6E569}
		{DD8BF54E-B050-4745-86A0-A87C0F90290B} = {1F33496D-1951-475D-91E2-12254A1217C9}
		{EA562A66-DAA9-4E1A-B756-55AD8841CBD9} = {5DDB5C39-1A02-4270-AFF0-E25228EF73BF}
	EndGlobalSection
EndGlobal
